
Microsoft Visual Studio Solution File, Format Version 12.00
# Visual Studio 14
VisualStudioVersion = 14.0.25420.1
MinimumVisualStudioVersion = 10.0.40219.1
Project("{FAE04EC0-301F-11D3-BF4B-00C04F79EFBC}") = "Dictionary Compression", "Dictionary Compression\Dictionary Compression.csproj", "{00F73097-5E4C-44E3-A7AF-9875782CDCB3}"
EndProject
Global
	GlobalSection(SolutionConfigurationPlatforms) = preSolution
		Debug|Any CPU = Debug|Any CPU
		Release|Any CPU = Release|Any CPU
	EndGlobalSection
	GlobalSection(ProjectConfigurationPlatforms) = postSolution
		{00F73097-5E4C-44E3-A7AF-9875782CDCB3}.Debug|Any CPU.ActiveCfg = Debug|Any CPU
		{00F73097-5E4C-44E3-A7AF-9875782CDCB3}.Debug|Any CPU.Build.0 = Debug|Any CPU
		{00F73097-5E4C-44E3-A7AF-9875782CDCB3}.Release|Any CPU.ActiveCfg = Release|Any CPU
		{00F73097-5E4C-44E3-A7AF-9875782CDCB3}.Release|Any CPU.Build.0 = Release|Any CPU
	EndGlobalSection
	GlobalSection(SolutionProperties) = preSolution
		HideSolutionNode = FALSE
	EndGlobalSection
EndGlobal
